// !$*UTF8*$!
{
	archiveVersion = 1;
	classes = {
	};
	objectVersion = 46;
	objects = {

/* Begin PBXBuildFile section */
		AAB00C261A51D39B008F37D1 /* AppDelegate.swift in Sources */ = {isa = PBXBuildFile; fileRef = AAB00C251A51D39B008F37D1 /* AppDelegate.swift */; };
		AAB00C281A51D39B008F37D1 /* ViewController.swift in Sources */ = {isa = PBXBuildFile; fileRef = AAB00C271A51D39B008F37D1 /* ViewController.swift */; };
		AAB00C2B1A51D39B008F37D1 /* Main.storyboard in Resources */ = {isa = PBXBuildFile; fileRef = AAB00C291A51D39B008F37D1 /* Main.storyboard */; };
		AAB00C2D1A51D39B008F37D1 /* Images.xcassets in Resources */ = {isa = PBXBuildFile; fileRef = AAB00C2C1A51D39B008F37D1 /* Images.xcassets */; };
		AAB00C301A51D39B008F37D1 /* LaunchScreen.xib in Resources */ = {isa = PBXBuildFile; fileRef = AAB00C2E1A51D39B008F37D1 /* LaunchScreen.xib */; };
		AAB00C3C1A51D39B008F37D1 /* Postcard_AmsterdamTests.swift in Sources */ = {isa = PBXBuildFile; fileRef = AAB00C3B1A51D39B008F37D1 /* Postcard_AmsterdamTests.swift */; };
		AAB00C461A51D450008F37D1 /* testteaser6.jpg in Resources */ = {isa = PBXBuildFile; fileRef = AAB00C451A51D450008F37D1 /* testteaser6.jpg */; };
/* End PBXBuildFile section */

/* Begin PBXContainerItemProxy section */
		AAB00C361A51D39B008F37D1 /* PBXContainerItemProxy */ = {
			isa = PBXContainerItemProxy;
			containerPortal = AAB00C181A51D39B008F37D1 /* Project object */;
			proxyType = 1;
			remoteGlobalIDString = AAB00C1F1A51D39B008F37D1;
			remoteInfo = "Postcard Amsterdam";
		};
/* End PBXContainerItemProxy section */

/* Begin PBXFileReference section */
		AAB00C201A51D39B008F37D1 /* Postcard Amsterdam.app */ = {isa = PBXFileReference; explicitFileType = wrapper.application; includeInIndex = 0; path = "Postcard Amsterdam.app"; sourceTree = BUILT_PRODUCTS_DIR; };
		AAB00C241A51D39B008F37D1 /* Info.plist */ = {isa = PBXFileReference; lastKnownFileType = text.plist.xml; path = Info.plist; sourceTree = "<group>"; };
		AAB00C251A51D39B008F37D1 /* AppDelegate.swift */ = {isa = PBXFileReference; lastKnownFileType = sourcecode.swift; path = AppDelegate.swift; sourceTree = "<group>"; };
		AAB00C271A51D39B008F37D1 /* ViewController.swift */ = {isa = PBXFileReference; lastKnownFileType = sourcecode.swift; path = ViewController.swift; sourceTree = "<group>"; };
		AAB00C2A1A51D39B008F37D1 /* Base */ = {isa = PBXFileReference; lastKnownFileType = file.storyboard; name = Base; path = Base.lproj/Main.storyboard; sourceTree = "<group>"; };
		AAB00C2C1A51D39B008F37D1 /* Images.xcassets */ = {isa = PBXFileReference; lastKnownFileType = folder.assetcatalog; path = Images.xcassets; sourceTree = "<group>"; };
		AAB00C2F1A51D39B008F37D1 /* Base */ = {isa = PBXFileReference; lastKnownFileType = file.xib; name = Base; path = Base.lproj/LaunchScreen.xib; sourceTree = "<group>"; };
		AAB00C351A51D39B008F37D1 /* Postcard AmsterdamTests.xctest */ = {isa = PBXFileReference; explicitFileType = wrapper.cfbundle; includeInIndex = 0; path = "Postcard AmsterdamTests.xctest"; sourceTree = BUILT_PRODUCTS_DIR; };
		AAB00C3A1A51D39B008F37D1 /* Info.plist */ = {isa = PBXFileReference; lastKnownFileType = text.plist.xml; path = Info.plist; sourceTree = "<group>"; };
		AAB00C3B1A51D39B008F37D1 /* Postcard_AmsterdamTests.swift */ = {isa = PBXFileReference; lastKnownFileType = sourcecode.swift; path = Postcard_AmsterdamTests.swift; sourceTree = "<group>"; };
		AAB00C451A51D450008F37D1 /* testteaser6.jpg */ = {isa = PBXFileReference; lastKnownFileType = image.jpeg; path = testteaser6.jpg; sourceTree = "<group>"; };
/* End PBXFileReference section */

/* Begin PBXFrameworksBuildPhase section */
		AAB00C1D1A51D39B008F37D1 /* Frameworks */ = {
			isa = PBXFrameworksBuildPhase;
			buildActionMask = 2147483647;
			files = (
			);
			runOnlyForDeploymentPostprocessing = 0;
		};
		AAB00C321A51D39B008F37D1 /* Frameworks */ = {
			isa = PBXFrameworksBuildPhase;
			buildActionMask = 2147483647;
			files = (
			);
			runOnlyForDeploymentPostprocessing = 0;
		};
/* End PBXFrameworksBuildPhase section */

/* Begin PBXGroup section */
		AAB00C171A51D39B008F37D1 = {
			isa = PBXGroup;
			children = (
				AAB00C221A51D39B008F37D1 /* Postcard Amsterdam */,
				AAB00C381A51D39B008F37D1 /* Postcard AmsterdamTests */,
				AAB00C211A51D39B008F37D1 /* Products */,
			);
			sourceTree = "<group>";
		};
		AAB00C211A51D39B008F37D1 /* Products */ = {
			isa = PBXGroup;
			children = (
				AAB00C201A51D39B008F37D1 /* Postcard Amsterdam.app */,
				AAB00C351A51D39B008F37D1 /* Postcard AmsterdamTests.xctest */,
			);
			name = Products;
			sourceTree = "<group>";
		};
		AAB00C221A51D39B008F37D1 /* Postcard Amsterdam */ = {
			isa = PBXGroup;
			children = (
				AAB00C251A51D39B008F37D1 /* AppDelegate.swift */,
				AAB00C271A51D39B008F37D1 /* ViewController.swift */,
				AAB00C291A51D39B008F37D1 /* Main.storyboard */,
				AAB00C2C1A51D39B008F37D1 /* Images.xcassets */,
				AAB00C2E1A51D39B008F37D1 /* LaunchScreen.xib */,
				AAB00C231A51D39B008F37D1 /* Supporting Files */,
			);
			path = "Postcard Amsterdam";
			sourceTree = "<group>";
		};
		AAB00C231A51D39B008F37D1 /* Supporting Files */ = {
			isa = PBXGroup;
			children = (
				AAB00C451A51D450008F37D1 /* testteaser6.jpg */,
				AAB00C241A51D39B008F37D1 /* Info.plist */,
			);
			name = "Supporting Files";
			sourceTree = "<group>";
		};
		AAB00C381A51D39B008F37D1 /* Postcard AmsterdamTests */ = {
			isa = PBXGroup;
			children = (
				AAB00C3B1A51D39B008F37D1 /* Postcard_AmsterdamTests.swift */,
				AAB00C391A51D39B008F37D1 /* Supporting Files */,
			);
			path = "Postcard AmsterdamTests";
			sourceTree = "<group>";
		};
		AAB00C391A51D39B008F37D1 /* Supporting Files */ = {
			isa = PBXGroup;
			children = (
				AAB00C3A1A51D39B008F37D1 /* Info.plist */,
			);
			name = "Supporting Files";
			sourceTree = "<group>";
		};
/* End PBXGroup section */

/* Begin PBXNativeTarget section */
		AAB00C1F1A51D39B008F37D1 /* Postcard Amsterdam */ = {
			isa = PBXNativeTarget;
			buildConfigurationList = AAB00C3F1A51D39B008F37D1 /* Build configuration list for PBXNativeTarget "Postcard Amsterdam" */;
			buildPhases = (
				AAB00C1C1A51D39B008F37D1 /* Sources */,
				AAB00C1D1A51D39B008F37D1 /* Frameworks */,
				AAB00C1E1A51D39B008F37D1 /* Resources */,
			);
			buildRules = (
			);
			dependencies = (
			);
			name = "Postcard Amsterdam";
			productName = "Postcard Amsterdam";
			productReference = AAB00C201A51D39B008F37D1 /* Postcard Amsterdam.app */;
			productType = "com.apple.product-type.application";
		};
		AAB00C341A51D39B008F37D1 /* Postcard AmsterdamTests */ = {
			isa = PBXNativeTarget;
			buildConfigurationList = AAB00C421A51D39B008F37D1 /* Build configuration list for PBXNativeTarget "Postcard AmsterdamTests" */;
			buildPhases = (
				AAB00C311A51D39B008F37D1 /* Sources */,
				AAB00C321A51D39B008F37D1 /* Frameworks */,
				AAB00C331A51D39B008F37D1 /* Resources */,
			);
			buildRules = (
			);
			dependencies = (
				AAB00C371A51D39B008F37D1 /* PBXTargetDependency */,
			);
			name = "Postcard AmsterdamTests";
			productName = "Postcard AmsterdamTests";
			productReference = AAB00C351A51D39B008F37D1 /* Postcard AmsterdamTests.xctest */;
			productType = "com.apple.product-type.bundle.unit-test";
		};
/* End PBXNativeTarget section */

/* Begin PBXProject section */
		AAB00C181A51D39B008F37D1 /* Project object */ = {
			isa = PBXProject;
			attributes = {
				LastUpgradeCheck = 0610;
				ORGANIZATIONNAME = MokumGames;
				TargetAttributes = {
					AAB00C1F1A51D39B008F37D1 = {
						CreatedOnToolsVersion = 6.1.1;
					};
					AAB00C341A51D39B008F37D1 = {
						CreatedOnToolsVersion = 6.1.1;
						TestTargetID = AAB00C1F1A51D39B008F37D1;
					};
				};
			};
			buildConfigurationList = AAB00C1B1A51D39B008F37D1 /* Build configuration list for PBXProject "Postcard Amsterdam" */;
			compatibilityVersion = "Xcode 3.2";
			developmentRegion = English;
			hasScannedForEncodings = 0;
			knownRegions = (
				en,
				Base,
			);
			mainGroup = AAB00C171A51D39B008F37D1;
			productRefGroup = AAB00C211A51D39B008F37D1 /* Products */;
			projectDirPath = "";
			projectRoot = "";
			targets = (
				AAB00C1F1A51D39B008F37D1 /* Postcard Amsterdam */,
				AAB00C341A51D39B008F37D1 /* Postcard AmsterdamTests */,
			);
		};
/* End PBXProject section */

/* Begin PBXResourcesBuildPhase section */
		AAB00C1E1A51D39B008F37D1 /* Resources */ = {
			isa = PBXResourcesBuildPhase;
			buildActionMask = 2147483647;
			files = (
				AAB00C461A51D450008F37D1 /* testteaser6.jpg in Resources */,
				AAB00C2B1A51D39B008F37D1 /* Main.storyboard in Resources */,
				AAB00C301A51D39B008F37D1 /* LaunchScreen.xib in Resources */,
				AAB00C2D1A51D39B008F37D1 /* Images.xcassets in Resources */,
			);
			runOnlyForDeploymentPostprocessing = 0;
		};
		AAB00C331A51D39B008F37D1 /* Resources */ = {
			isa = PBXResourcesBuildPhase;
			buildActionMask = 2147483647;
			files = (
			);
			runOnlyForDeploymentPostprocessing = 0;
		};
/* End PBXResourcesBuildPhase section */

/* Begin PBXSourcesBuildPhase section */
		AAB00C1C1A51D39B008F37D1 /* Sources */ = {
			isa = PBXSourcesBuildPhase;
			buildActionMask = 2147483647;
			files = (
				AAB00C281A51D39B008F37D1 /* ViewController.swift in Sources */,
				AAB00C261A51D39B008F37D1 /* AppDelegate.swift in Sources */,
			);
			runOnlyForDeploymentPostprocessing = 0;
		};
		AAB00C311A51D39B008F37D1 /* Sources */ = {
			isa = PBXSourcesBuildPhase;
			buildActionMask = 2147483647;
			files = (
				AAB00C3C1A51D39B008F37D1 /* Postcard_AmsterdamTests.swift in Sources */,
			);
			runOnlyForDeploymentPostprocessing = 0;
		};
/* End PBXSourcesBuildPhase section */

/* Begin PBXTargetDependency section */
		AAB00C371A51D39B008F37D1 /* PBXTargetDependency */ = {
			isa = PBXTargetDependency;
			target = AAB00C1F1A51D39B008F37D1 /* Postcard Amsterdam */;
			targetProxy = AAB00C361A51D39B008F37D1 /* PBXContainerItemProxy */;
		};
/* End PBXTargetDependency section */

/* Begin PBXVariantGroup section */
		AAB00C291A51D39B008F37D1 /* Main.storyboard */ = {
			isa = PBXVariantGroup;
			children = (
				AAB00C2A1A51D39B008F37D1 /* Base */,
			);
			name = Main.storyboard;
			sourceTree = "<group>";
		};
		AAB00C2E1A51D39B008F37D1 /* LaunchScreen.xib */ = {
			isa = PBXVariantGroup;
			children = (
				AAB00C2F1A51D39B008F37D1 /* Base */,
			);
			name = LaunchScreen.xib;
			sourceTree = "<group>";
		};
/* End PBXVariantGroup section */

/* Begin XCBuildConfiguration section */
		AAB00C3D1A51D39B008F37D1 /* Debug */ = {
			isa = XCBuildConfiguration;
			buildSettings = {
				ALWAYS_SEARCH_USER_PATHS = NO;
				CLANG_CXX_LANGUAGE_STANDARD = "gnu++0x";
				CLANG_CXX_LIBRARY = "libc++";
				CLANG_ENABLE_MODULES = YES;
				CLANG_ENABLE_OBJC_ARC = YES;
				CLANG_WARN_BOOL_CONVERSION = YES;
				CLANG_WARN_CONSTANT_CONVERSION = YES;
				CLANG_WARN_DIRECT_OBJC_ISA_USAGE = YES_ERROR;
				CLANG_WARN_EMPTY_BODY = YES;
				CLANG_WARN_ENUM_CONVERSION = YES;
				CLANG_WARN_INT_CONVERSION = YES;
				CLANG_WARN_OBJC_ROOT_CLASS = YES_ERROR;
				CLANG_WARN_UNREACHABLE_CODE = YES;
				CLANG_WARN__DUPLICATE_METHOD_MATCH = YES;
				"CODE_SIGN_IDENTITY[sdk=iphoneos*]" = "iPhone Developer";
				COPY_PHASE_STRIP = NO;
				ENABLE_STRICT_OBJC_MSGSEND = YES;
				GCC_C_LANGUAGE_STANDARD = gnu99;
				GCC_DYNAMIC_NO_PIC = NO;
				GCC_OPTIMIZATION_LEVEL = 0;
				GCC_PREPROCESSOR_DEFINITIONS = (
					"DEBUG=1",
					"$(inherited)",
				);
				GCC_SYMBOLS_PRIVATE_EXTERN = NO;
				GCC_WARN_64_TO_32_BIT_CONVERSION = YES;
				GCC_WARN_ABOUT_RETURN_TYPE = YES_ERROR;
				GCC_WARN_UNDECLARED_SELECTOR = YES;
				GCC_WARN_UNINITIALIZED_AUTOS = YES_AGGRESSIVE;
				GCC_WARN_UNUSED_FUNCTION = YES;
				GCC_WARN_UNUSED_VARIABLE = YES;
				IPHONEOS_DEPLOYMENT_TARGET = 8.1;
				MTL_ENABLE_DEBUG_INFO = YES;
				ONLY_ACTIVE_ARCH = YES;
				SDKROOT = iphoneos;
				SWIFT_OPTIMIZATION_LEVEL = "-Onone";
				TARGETED_DEVICE_FAMILY = "1,2";
			};
			name = Debug;
		};
		AAB00C3E1A51D39B008F37D1 /* Release */ = {
			isa = XCBuildConfiguration;
			buildSettings = {
				ALWAYS_SEARCH_USER_PATHS = NO;
				CLANG_CXX_LANGUAGE_STANDARD = "gnu++0x";
				CLANG_CXX_LIBRARY = "libc++";
				CLANG_ENABLE_MODULES = YES;
				CLANG_ENABLE_OBJC_ARC = YES;
				CLANG_WARN_BOOL_CONVERSION = YES;
				CLANG_WARN_CONSTANT_CONVERSION = YES;
				CLANG_WARN_DIRECT_OBJC_ISA_USAGE = YES_ERROR;
				CLANG_WARN_EMPTY_BODY = YES;
				CLANG_WARN_ENUM_CONVERSION = YES;
				CLANG_WARN_INT_CONVERSION = YES;
				CLANG_WARN_OBJC_ROOT_CLASS = YES_ERROR;
				CLANG_WARN_UNREACHABLE_CODE = YES;
				CLANG_WARN__DUPLICATE_METHOD_MATCH = YES;
				"CODE_SIGN_IDENTITY[sdk=iphoneos*]" = "iPhone Developer";
				COPY_PHASE_STRIP = YES;
				ENABLE_NS_ASSERTIONS = NO;
				ENABLE_STRICT_OBJC_MSGSEND = YES;
				GCC_C_LANGUAGE_STANDARD = gnu99;
				GCC_WARN_64_TO_32_BIT_CONVERSION = YES;
				GCC_WARN_ABOUT_RETURN_TYPE = YES_ERROR;
				GCC_WARN_UNDECLARED_SELECTOR = YES;
				GCC_WARN_UNINITIALIZED_AUTOS = YES_AGGRESSIVE;
				GCC_WARN_UNUSED_FUNCTION = YES;
				GCC_WARN_UNUSED_VARIABLE = YES;
				IPHONEOS_DEPLOYMENT_TARGET = 8.1;
				MTL_ENABLE_DEBUG_INFO = NO;
				SDKROOT = iphoneos;
				TARGETED_DEVICE_FAMILY = "1,2";
				VALIDATE_PRODUCT = YES;
			};
			name = Release;
		};
		AAB00C401A51D39B008F37D1 /* Debug */ = {
			isa = XCBuildConfiguration;
			buildSettings = {
				ASSETCATALOG_COMPILER_APPICON_NAME = AppIcon;
				INFOPLIST_FILE = "Postcard Amsterdam/Info.plist";
				LD_RUNPATH_SEARCH_PATHS = "$(inherited) @executable_path/Frameworks";
				PRODUCT_NAME = "$(TARGET_NAME)";
			};
			name = Debug;
		};
		AAB00C411A51D39B008F37D1 /* Release */ = {
			isa = XCBuildConfiguration;
			buildSettings = {
				ASSETCATALOG_COMPILER_APPICON_NAME = AppIcon;
				INFOPLIST_FILE = "Postcard Amsterdam/Info.plist";
				LD_RUNPATH_SEARCH_PATHS = "$(inherited) @executable_path/Frameworks";
				PRODUCT_NAME = "$(TARGET_NAME)";
			};
			name = Release;
		};
		AAB00C431A51D39B008F37D1 /* Debug */ = {
			isa = XCBuildConfiguration;
			buildSettings = {
				BUNDLE_LOADER = "$(TEST_HOST)";
				FRAMEWORK_SEARCH_PATHS = (
					"$(SDKROOT)/Developer/Library/Frameworks",
					"$(inherited)",
				);
				GCC_PREPROCESSOR_DEFINITIONS = (
					"DEBUG=1",
					"$(inherited)",
				);
				INFOPLIST_FILE = "Postcard AmsterdamTests/Info.plist";
				LD_RUNPATH_SEARCH_PATHS = "$(inherited) @executable_path/Frameworks @loader_path/Frameworks";
				PRODUCT_NAME = "$(TARGET_NAME)";
				TEST_HOST = "$(BUILT_PRODUCTS_DIR)/Postcard Amsterdam.app/Postcard Amsterdam";
			};
			name = Debug;
		};
		AAB00C441A51D39B008F37D1 /* Release */ = {
			isa = XCBuildConfiguration;
			buildSettings = {
				BUNDLE_LOADER = "$(TEST_HOST)";
				FRAMEWORK_SEARCH_PATHS = (
					"$(SDKROOT)/Developer/Library/Frameworks",
					"$(inherited)",
				);
				INFOPLIST_FILE = "Postcard AmsterdamTests/Info.plist";
				LD_RUNPATH_SEARCH_PATHS = "$(inherited) @executable_path/Frameworks @loader_path/Frameworks";
				PRODUCT_NAME = "$(TARGET_NAME)";
				TEST_HOST = "$(BUILT_PRODUCTS_DIR)/Postcard Amsterdam.app/Postcard Amsterdam";
			};
			name = Release;
		};
/* End XCBuildConfiguration section */

/* Begin XCConfigurationList section */
		AAB00C1B1A51D39B008F37D1 /* Build configuration list for PBXProject "Postcard Amsterdam" */ = {
			isa = XCConfigurationList;
			buildConfigurations = (
				AAB00C3D1A51D39B008F37D1 /* Debug */,
				AAB00C3E1A51D39B008F37D1 /* Release */,
			);
			defaultConfigurationIsVisible = 0;
			defaultConfigurationName = Release;
		};
		AAB00C3F1A51D39B008F37D1 /* Build configuration list for PBXNativeTarget "Postcard Amsterdam" */ = {
			isa = XCConfigurationList;
			buildConfigurations = (
				AAB00C401A51D39B008F37D1 /* Debug */,
				AAB00C411A51D39B008F37D1 /* Release */,
			);
			defaultConfigurationIsVisible = 0;
		};
		AAB00C421A51D39B008F37D1 /* Build configuration list for PBXNativeTarget "Postcard AmsterdamTests" */ = {
			isa = XCConfigurationList;
			buildConfigurations = (
				AAB00C431A51D39B008F37D1 /* Debug */,
				AAB00C441A51D39B008F37D1 /* Release */,
			);
			defaultConfigurationIsVisible = 0;
		};
/* End XCConfigurationList section */
	};
	rootObject = AAB00C181A51D39B008F37D1 /* Project object */;
}
